# THIS IS AN AUTOGENERATED FILE. DO NOT EDIT THIS FILE DIRECTLY.
# yarn lockfile v1


"@types/google-apps-script@^0.0.35":
  version "0.0.35"
  resolved "https://registry.yarnpkg.com/@types/google-apps-script/-/google-apps-script-0.0.35.tgz#269b487f5ad0a3d94e0685ec7f5033723864f039"

"@types/node@^10.12.18":
  version "10.12.18"
  resolved "https://registry.yarnpkg.com/@types/node/-/node-10.12.18.tgz#1d3ca764718915584fcd9f6344621b7672665c67"
